
Microsoft Visual Studio Solution File, Format Version 12.00
# Visual Studio Version 17
VisualStudioVersion = 17.10.35027.167
MinimumVisualStudioVersion = 10.0.40219.1
Project("{9A19103F-16F7-4668-BE54-9A1E7A4F7556}") = "adventureGenerator", "adventureGenerator.csproj", "{5D205C4C-A7C9-477A-B914-6610CAD41F0D}"
EndProject
Global
	GlobalSection(SolutionConfigurationPlatforms) = preSolution
		Debug|Any CPU = Debug|Any CPU
		Release|Any CPU = Release|Any CPU
	EndGlobalSection
	GlobalSection(ProjectConfigurationPlatforms) = postSolution
		{5D205C4C-A7C9-477A-B914-6610CAD41F0D}.Debug|Any CPU.ActiveCfg = Debug|Any CPU
		{5D205C4C-A7C9-477A-B914-6610CAD41F0D}.Debug|Any CPU.Build.0 = Debug|Any CPU
		{5D205C4C-A7C9-477A-B914-6610CAD41F0D}.Release|Any CPU.ActiveCfg = Release|Any CPU
		{5D205C4C-A7C9-477A-B914-6610CAD41F0D}.Release|Any CPU.Build.0 = Release|Any CPU
	EndGlobalSection
	GlobalSection(SolutionProperties) = preSolution
		HideSolutionNode = FALSE
	EndGlobalSection
	GlobalSection(ExtensibilityGlobals) = postSolution
		SolutionGuid = {BFB5B44E-39A1-45AA-8A42-46701D22AC8D}
	EndGlobalSection
EndGlobal
